
Microsoft Visual Studio Solution File, Format Version 12.00
# Visual Studio Version 16
VisualStudioVersion = 16.0.30517.126
MinimumVisualStudioVersion = 10.0.40219.1
Project("{8BC9CEB8-8B4A-11D0-8D11-00A0C91BC942}") = "Exo2", "Exo2\Exo2.vcxproj", "{38A00E89-A9A4-4C83-8C85-D157D612F470}"
EndProject
Project("{8BC9CEB8-8B4A-11D0-8D11-00A0C91BC942}") = "Exo3", "Exo3\Exo3.vcxproj", "{27B74282-7F9A-404E-BAEC-B830B1E31D95}"
EndProject
Project("{8BC9CEB8-8B4A-11D0-8D11-00A0C91BC942}") = "Exo1", "Exo1\Exo1.vcxproj", "{1E5FE594-3FEA-4978-964B-34E814AB5D40}"
EndProject
Project("{8BC9CEB8-8B4A-11D0-8D11-00A0C91BC942}") = "Exo4", "Exo4\Exo4.vcxproj", "{8C0EEA7C-31FE-47E5-B259-FBE4DE0670AF}"
EndProject
Global
	GlobalSection(SolutionConfigurationPlatforms) = preSolution
		Debug|x64 = Debug|x64
		Debug|x86 = Debug|x86
		Release|x64 = Release|x64
		Release|x86 = Release|x86
	EndGlobalSection
	GlobalSection(ProjectConfigurationPlatforms) = postSolution
		{38A00E89-A9A4-4C83-8C85-D157D612F470}.Debug|x64.ActiveCfg = Debug|x64
		{38A00E89-A9A4-4C83-8C85-D157D612F470}.Debug|x64.Build.0 = Debug|x64
		{38A00E89-A9A4-4C83-8C85-D157D612F470}.Debug|x86.ActiveCfg = Debug|Win32
		{38A00E89-A9A4-4C83-8C85-D157D612F470}.Debug|x86.Build.0 = Debug|Win32
		{38A00E89-A9A4-4C83-8C85-D157D612F470}.Release|x64.ActiveCfg = Release|x64
		{38A00E89-A9A4-4C83-8C85-D157D612F470}.Release|x64.Build.0 = Release|x64
		{38A00E89-A9A4-4C83-8C85-D157D612F470}.Release|x86.ActiveCfg = Release|Win32
		{38A00E89-A9A4-4C83-8C85-D157D612F470}.Release|x86.Build.0 = Release|Win32
		{27B74282-7F9A-404E-BAEC-B830B1E31D95}.Debug|x64.ActiveCfg = Debug|x64
		{27B74282-7F9A-404E-BAEC-B830B1E31D95}.Debug|x64.Build.0 = Debug|x64
		{27B74282-7F9A-404E-BAEC-B830B1E31D95}.Debug|x86.ActiveCfg = Debug|Win32
		{27B74282-7F9A-404E-BAEC-B830B1E31D95}.Debug|x86.Build.0 = Debug|Win32
		{27B74282-7F9A-404E-BAEC-B830B1E31D95}.Release|x64.ActiveCfg = Release|x64
		{27B74282-7F9A-404E-BAEC-B830B1E31D95}.Release|x64.Build.0 = Release|x64
		{27B74282-7F9A-404E-BAEC-B830B1E31D95}.Release|x86.ActiveCfg = Release|Win32
		{27B74282-7F9A-404E-BAEC-B830B1E31D95}.Release|x86.Build.0 = Release|Win32
		{1E5FE594-3FEA-4978-964B-34E814AB5D40}.Debug|x64.ActiveCfg = Debug|x64
		{1E5FE594-3FEA-4978-964B-34E814AB5D40}.Debug|x64.Build.0 = Debug|x64
		{1E5FE594-3FEA-4978-964B-34E814AB5D40}.Debug|x86.ActiveCfg = Debug|Win32
		{1E5FE594-3FEA-4978-964B-34E814AB5D40}.Debug|x86.Build.0 = Debug|Win32
		{1E5FE594-3FEA-4978-964B-34E814AB5D40}.Release|x64.ActiveCfg = Release|x64
		{1E5FE594-3FEA-4978-964B-34E814AB5D40}.Release|x64.Build.0 = Release|x64
		{1E5FE594-3FEA-4978-964B-34E814AB5D40}.Release|x86.ActiveCfg = Release|Win32
		{1E5FE594-3FEA-4978-964B-34E814AB5D40}.Release|x86.Build.0 = Release|Win32
		{8C0EEA7C-31FE-47E5-B259-FBE4DE0670AF}.Debug|x64.ActiveCfg = Debug|x64
		{8C0EEA7C-31FE-47E5-B259-FBE4DE0670AF}.Debug|x64.Build.0 = Debug|x64
		{8C0EEA7C-31FE-47E5-B259-FBE4DE0670AF}.Debug|x86.ActiveCfg = Debug|Win32
		{8C0EEA7C-31FE-47E5-B259-FBE4DE0670AF}.Debug|x86.Build.0 = Debug|Win32
		{8C0EEA7C-31FE-47E5-B259-FBE4DE0670AF}.Release|x64.ActiveCfg = Release|x64
		{8C0EEA7C-31FE-47E5-B259-FBE4DE0670AF}.Release|x64.Build.0 = Release|x64
		{8C0EEA7C-31FE-47E5-B259-FBE4DE0670AF}.Release|x86.ActiveCfg = Release|Win32
		{8C0EEA7C-31FE-47E5-B259-FBE4DE0670AF}.Release|x86.Build.0 = Release|Win32
	EndGlobalSection
	GlobalSection(SolutionProperties) = preSolution
		HideSolutionNode = FALSE
	EndGlobalSection
	GlobalSection(ExtensibilityGlobals) = postSolution
		SolutionGuid = {98CF6946-4F6C-4D6E-BA4C-8FC72A45A0EA}
	EndGlobalSection
EndGlobal
